
Microsoft Visual Studio Solution File, Format Version 12.00
# Visual Studio Version 17
VisualStudioVersion = 17.11.35312.102
MinimumVisualStudioVersion = 10.0.40219.1
Project("{FAE04EC0-301F-11D3-BF4B-00C04F79EFBC}") = "Super-Tic-Tac-Toe", "Super-Tic-Tac-Toe\Super-Tic-Tac-Toe.csproj", "{50E47307-8BF1-431C-9020-A3AAC382E4F1}"
EndProject
Global
	GlobalSection(SolutionConfigurationPlatforms) = preSolution
		Debug|Any CPU = Debug|Any CPU
		Release|Any CPU = Release|Any CPU
	EndGlobalSection
	GlobalSection(ProjectConfigurationPlatforms) = postSolution
		{50E47307-8BF1-431C-9020-A3AAC382E4F1}.Debug|Any CPU.ActiveCfg = Debug|Any CPU
		{50E47307-8BF1-431C-9020-A3AAC382E4F1}.Debug|Any CPU.Build.0 = Debug|Any CPU
		{50E47307-8BF1-431C-9020-A3AAC382E4F1}.Release|Any CPU.ActiveCfg = Release|Any CPU
		{50E47307-8BF1-431C-9020-A3AAC382E4F1}.Release|Any CPU.Build.0 = Release|Any CPU
	EndGlobalSection
	GlobalSection(SolutionProperties) = preSolution
		HideSolutionNode = FALSE
	EndGlobalSection
	GlobalSection(ExtensibilityGlobals) = postSolution
		SolutionGuid = {5DC25BB7-0C38-47E9-90D9-107698C69190}
	EndGlobalSection
EndGlobal
